{
    "_readme": [
        "This file locks the dependencies of your project to a known state",
        "Read more about it at https://getcomposer.org/doc/01-basic-usage.md#composer-lock-the-lock-file",
        "This file is @generated automatically"
    ],
    "content-hash": "92b0bf3360d89fade25d05d1fff93d00",
    "packages": [
        {
            "name": "jasig/phpcas",
            "version": "1.3.5",
            "source": {
                "type": "git",
                "url": "https://github.com/apereo/phpCAS.git",
                "reference": "61c8899c8f91204e8b9135d795461e50fe5c2db0"
            },
            "dist": {
                "type": "zip",
                "url": "https://api.github.com/repos/apereo/phpCAS/zipball/61c8899c8f91204e8b9135d795461e50fe5c2db0",
                "reference": "61c8899c8f91204e8b9135d795461e50fe5c2db0",
                "shasum": ""
            },
            "require": {
                "ext-curl": "*",
                "php": ">=5.4.0"
            },
            "require-dev": {
                "phpunit/phpunit": "~3.7.10"
            },
            "type": "library",
            "extra": {
                "branch-alias": {
                    "dev-master": "1.3.x-dev"
                }
            },
            "autoload": {
                "classmap": [
                    "source/"
                ]
            },
            "notification-url": "https://packagist.org/downloads/",
            "license": [
                "Apache-2.0"
            ],
            "authors": [
                {
                    "name": "Joachim Fritschi",
                    "homepage": "https://wiki.jasig.org/display/~fritschi"
                },
                {
                    "name": "Adam Franco",
                    "homepage": "https://wiki.jasig.org/display/~adamfranco"
                }
            ],
            "description": "Provides a simple API for authenticating users against a CAS server",
            "homepage": "https://wiki.jasig.org/display/CASC/phpCAS",
            "keywords": [
                "cas",
                "jasig"
            ],
            "time": "2017-04-10T19:12:45+00:00"
        },
        {
            "name": "justetz/sg_data_php_driver",
            "version": "1.5",
            "source": {
                "type": "git",
                "url": "https://github.com/justetz/sg_data_php_driver.git",
                "reference": "d2c66e5f86e3759887279ebec10d3b099d154119"
            },
            "dist": {
                "type": "zip",
                "url": "https://api.github.com/repos/justetz/sg_data_php_driver/zipball/d2c66e5f86e3759887279ebec10d3b099d154119",
                "reference": "d2c66e5f86e3759887279ebec10d3b099d154119",
                "shasum": ""
            },
            "require": {
                "lcobucci/jwt": "^3.2"
            },
            "type": "library",
            "autoload": {
                "files": [
                    "api.php"
                ]
            },
            "notification-url": "https://packagist.org/downloads/",
            "license": [
                "MIT"
            ],
            "authors": [
                {
                    "name": "Justin Etzine",
                    "homepage": "https://justetz.com"
                }
            ],
            "description": "A PHP driver for using the justetz/sg_data API.",
            "homepage": "https://data.sg.rpi.edu/",
            "keywords": [
                "Student",
                "api",
                "government",
                "php",
                "rpi"
            ],
            "time": "2017-12-20T02:02:29+00:00"
        },
        {
            "name": "lcobucci/jwt",
            "version": "3.2.2",
            "source": {
                "type": "git",
                "url": "https://github.com/lcobucci/jwt.git",
                "reference": "0b5930be73582369e10c4d4bb7a12bac927a203c"
            },
            "dist": {
                "type": "zip",
                "url": "https://api.github.com/repos/lcobucci/jwt/zipball/0b5930be73582369e10c4d4bb7a12bac927a203c",
                "reference": "0b5930be73582369e10c4d4bb7a12bac927a203c",
                "shasum": ""
            },
            "require": {
                "ext-openssl": "*",
                "php": ">=5.5"
            },
            "require-dev": {
                "mdanter/ecc": "~0.3.1",
                "mikey179/vfsstream": "~1.5",
                "phpmd/phpmd": "~2.2",
                "phpunit/php-invoker": "~1.1",
                "phpunit/phpunit": "~4.5",
                "squizlabs/php_codesniffer": "~2.3"
            },
            "suggest": {
                "mdanter/ecc": "Required to use Elliptic Curves based algorithms."
            },
            "type": "library",
            "extra": {
                "branch-alias": {
                    "dev-master": "3.1-dev"
                }
            },
            "autoload": {
                "psr-4": {
                    "Lcobucci\\JWT\\": "src"
                }
            },
            "notification-url": "https://packagist.org/downloads/",
            "license": [
                "BSD-3-Clause"
            ],
            "authors": [
                {
                    "name": "Luís Otávio Cobucci Oblonczyk",
                    "email": "lcobucci@gmail.com",
                    "role": "Developer"
                }
            ],
            "description": "A simple library to work with JSON Web Token and JSON Web Signature",
            "keywords": [
                "JWS",
                "jwt"
            ],
            "time": "2017-09-01T08:23:26+00:00"
        }
    ],
    "packages-dev": [],
    "aliases": [],
    "minimum-stability": "stable",
    "stability-flags": [],
    "prefer-stable": false,
    "prefer-lowest": false,
    "platform": [],
    "platform-dev": []
}
